{
  "name": "portfolio",
  "version": "1.0.0",
  "lockfileVersion": 3,
  "requires": true,
  "packages": {
    "": {
      "name": "portfolio",
      "version": "1.0.0",
      "license": "ISC",
      "dependencies": {
        "skinview3d": "^3.0.1"
      }
    },
    "node_modules/@types/stats.js": {
      "version": "0.17.2",
      "resolved": "https://registry.npmjs.org/@types/stats.js/-/stats.js-0.17.2.tgz",
      "integrity": "sha512-j1oI+BOPiAAAKFysNNutE9aAIjvHqqILubCs2EeHKc19pi4uybaGAgBfLXsCgJYcyKWkiilEvl8CkFF/SL+baA=="
    },
    "node_modules/@types/three": {
      "version": "0.156.0",
      "resolved": "https://registry.npmjs.org/@types/three/-/three-0.156.0.tgz",
      "integrity": "sha512-733bXDSRdlrxqOmQuOmfC1UBRuJ2pREPk8sWnx9MtIJEVDQMx8U0NQO5MVVaOrjzDPyLI+cFPim2X/ss9v0+LQ==",
      "dependencies": {
        "@types/stats.js": "*",
        "@types/webxr": "*",
        "fflate": "~0.6.10",
        "meshoptimizer": "~0.18.1"
      }
    },
    "node_modules/@types/webxr": {
      "version": "0.5.7",
      "resolved": "https://registry.npmjs.org/@types/webxr/-/webxr-0.5.7.tgz",
      "integrity": "sha512-Rcgs5c2eNFnHp53YOjgtKfl/zWX1Y+uFGUwlSXrWcZWu3yhANRezmph4MninmqybUYT6g9ZE0aQ9QIdPkLR3Kg=="
    },
    "node_modules/fflate": {
      "version": "0.6.10",
      "resolved": "https://registry.npmjs.org/fflate/-/fflate-0.6.10.tgz",
      "integrity": "sha512-IQrh3lEPM93wVCEczc9SaAOvkmcoQn/G8Bo1e8ZPlY3X3bnAxWaBdvTdvM1hP62iZp0BXWDy4vTAy4fF0+Dlpg=="
    },
    "node_modules/meshoptimizer": {
      "version": "0.18.1",
      "resolved": "https://registry.npmjs.org/meshoptimizer/-/meshoptimizer-0.18.1.tgz",
      "integrity": "sha512-ZhoIoL7TNV4s5B6+rx5mC//fw8/POGyNxS/DZyCJeiZ12ScLfVwRE/GfsxwiTkMYYD5DmK2/JXnEVXqL4rF+Sw=="
    },
    "node_modules/skinview-utils": {
      "version": "0.7.1",
      "resolved": "https://registry.npmjs.org/skinview-utils/-/skinview-utils-0.7.1.tgz",
      "integrity": "sha512-4eLrMqR526ehlZbsd8SuZ/CHpS9GiH0xUMoV+PYlJVi95ZFz5HJu7Spt5XYa72DRS7wgt5qquvHZf0XZJgmu9Q=="
    },
    "node_modules/skinview3d": {
      "version": "3.0.1",
      "resolved": "https://registry.npmjs.org/skinview3d/-/skinview3d-3.0.1.tgz",
      "integrity": "sha512-2LUSkzGxlZrTQelGT10jcW4TLiFTg5aZqXMEuqAFoWtk3qtaNu0qRFtwK5dN8zEXyKUJ3xlxah5eGtKY/NifQg==",
      "dependencies": {
        "@types/three": "^0.156.0",
        "skinview-utils": "^0.7.1",
        "three": "^0.156.1"
      }
    },
    "node_modules/three": {
      "version": "0.156.1",
      "resolved": "https://registry.npmjs.org/three/-/three-0.156.1.tgz",
      "integrity": "sha512-kP7H0FK9d/k6t/XvQ9FO6i+QrePoDcNhwl0I02+wmUJRNSLCUIDMcfObnzQvxb37/0Uc9TDT0T1HgsRRrO6SYQ=="
    }
  }
}
